
Microsoft Visual Studio Solution File, Format Version 12.00
# Visual Studio Version 16
VisualStudioVersion = 16.0.28803.202
MinimumVisualStudioVersion = 10.0.40219.1
Project("{9A19103F-16F7-4668-BE54-9A1E7A4F7556}") = "Homely.Storage.Blobs", "src\Homely.Storage.Blobs\Homely.Storage.Blobs.csproj", "{D8B66D99-9B76-418D-BD0F-7C83C5295073}"
EndProject
Project("{FAE04EC0-301F-11D3-BF4B-00C04F79EFBC}") = "Homely.Storage.Blobs.Tests", "tests\Homely.Storage.Blobs.Tests\Homely.Storage.Blobs.Tests.csproj", "{219415EC-FC4C-4615-B1F9-729DAFFA02EA}"
EndProject
Global
	GlobalSection(SolutionConfigurationPlatforms) = preSolution
		Debug|Any CPU = Debug|Any CPU
		Release|Any CPU = Release|Any CPU
	EndGlobalSection
	GlobalSection(ProjectConfigurationPlatforms) = postSolution
		{D8B66D99-9B76-418D-BD0F-7C83C5295073}.Debug|Any CPU.ActiveCfg = Debug|Any CPU
		{D8B66D99-9B76-418D-BD0F-7C83C5295073}.Debug|Any CPU.Build.0 = Debug|Any CPU
		{D8B66D99-9B76-418D-BD0F-7C83C5295073}.Release|Any CPU.ActiveCfg = Release|Any CPU
		{D8B66D99-9B76-418D-BD0F-7C83C5295073}.Release|Any CPU.Build.0 = Release|Any CPU
		{219415EC-FC4C-4615-B1F9-729DAFFA02EA}.Debug|Any CPU.ActiveCfg = Debug|Any CPU
		{219415EC-FC4C-4615-B1F9-729DAFFA02EA}.Debug|Any CPU.Build.0 = Debug|Any CPU
		{219415EC-FC4C-4615-B1F9-729DAFFA02EA}.Release|Any CPU.ActiveCfg = Release|Any CPU
		{219415EC-FC4C-4615-B1F9-729DAFFA02EA}.Release|Any CPU.Build.0 = Release|Any CPU
	EndGlobalSection
	GlobalSection(SolutionProperties) = preSolution
		HideSolutionNode = FALSE
	EndGlobalSection
	GlobalSection(ExtensibilityGlobals) = postSolution
		SolutionGuid = {8D301C0E-C501-4906-B055-73E99DD1D122}
	EndGlobalSection
EndGlobal
